
Microsoft Visual Studio Solution File, Format Version 12.00
# Visual Studio Version 17
VisualStudioVersion = 17.14.36930.0 d17.14
MinimumVisualStudioVersion = 10.0.40219.1
Project("{FAE04EC0-301F-11D3-BF4B-00C04F79EFBC}") = "CalculatorApp", "CalculatorApp\CalculatorApp.csproj", "{15B2B00D-87CC-4D7A-A607-A328DD79B942}"
EndProject
Project("{FAE04EC0-301F-11D3-BF4B-00C04F79EFBC}") = "Tests", "Tests\Tests.csproj", "{9E9C59C6-EBF3-4A47-AA27-1DB7220CE454}"
EndProject
Project("{FAE04EC0-301F-11D3-BF4B-00C04F79EFBC}") = "ToDoApp", "ToDoApp\ToDoApp.csproj", "{B91C05E6-4AB9-476E-A03E-BBC1E2771D4A}"
EndProject
Global
	GlobalSection(SolutionConfigurationPlatforms) = preSolution
		Debug|Any CPU = Debug|Any CPU
		Release|Any CPU = Release|Any CPU
	EndGlobalSection
	GlobalSection(ProjectConfigurationPlatforms) = postSolution
		{15B2B00D-87CC-4D7A-A607-A328DD79B942}.Debug|Any CPU.ActiveCfg = Debug|Any CPU
		{15B2B00D-87CC-4D7A-A607-A328DD79B942}.Debug|Any CPU.Build.0 = Debug|Any CPU
		{15B2B00D-87CC-4D7A-A607-A328DD79B942}.Release|Any CPU.ActiveCfg = Release|Any CPU
		{15B2B00D-87CC-4D7A-A607-A328DD79B942}.Release|Any CPU.Build.0 = Release|Any CPU
		{9E9C59C6-EBF3-4A47-AA27-1DB7220CE454}.Debug|Any CPU.ActiveCfg = Debug|Any CPU
		{9E9C59C6-EBF3-4A47-AA27-1DB7220CE454}.Debug|Any CPU.Build.0 = Debug|Any CPU
		{9E9C59C6-EBF3-4A47-AA27-1DB7220CE454}.Release|Any CPU.ActiveCfg = Release|Any CPU
		{9E9C59C6-EBF3-4A47-AA27-1DB7220CE454}.Release|Any CPU.Build.0 = Release|Any CPU
		{B91C05E6-4AB9-476E-A03E-BBC1E2771D4A}.Debug|Any CPU.ActiveCfg = Debug|Any CPU
		{B91C05E6-4AB9-476E-A03E-BBC1E2771D4A}.Debug|Any CPU.Build.0 = Debug|Any CPU
		{B91C05E6-4AB9-476E-A03E-BBC1E2771D4A}.Release|Any CPU.ActiveCfg = Release|Any CPU
		{B91C05E6-4AB9-476E-A03E-BBC1E2771D4A}.Release|Any CPU.Build.0 = Release|Any CPU
	EndGlobalSection
	GlobalSection(SolutionProperties) = preSolution
		HideSolutionNode = FALSE
	EndGlobalSection
	GlobalSection(ExtensibilityGlobals) = postSolution
		SolutionGuid = {2C9759EC-8EDC-472D-814E-9AC68E3D3050}
	EndGlobalSection
EndGlobal
